
Microsoft Visual Studio Solution File, Format Version 12.00
# Visual Studio Version 16
VisualStudioVersion = 16.0.29613.14
MinimumVisualStudioVersion = 10.0.40219.1
Project("{FAE04EC0-301F-11D3-BF4B-00C04F79EFBC}") = "ContosoUniversity", "ContosoUniversity.csproj", "{B3926DD3-BE74-4610-97D0-C092ADEDD504}"
EndProject
Global
	GlobalSection(SolutionConfigurationPlatforms) = preSolution
		Debug|Any CPU = Debug|Any CPU
		Release|Any CPU = Release|Any CPU
	EndGlobalSection
	GlobalSection(ProjectConfigurationPlatforms) = postSolution
		{B3926DD3-BE74-4610-97D0-C092ADEDD504}.Debug|Any CPU.ActiveCfg = Debug|Any CPU
		{B3926DD3-BE74-4610-97D0-C092ADEDD504}.Debug|Any CPU.Build.0 = Debug|Any CPU
		{B3926DD3-BE74-4610-97D0-C092ADEDD504}.Release|Any CPU.ActiveCfg = Release|Any CPU
		{B3926DD3-BE74-4610-97D0-C092ADEDD504}.Release|Any CPU.Build.0 = Release|Any CPU
	EndGlobalSection
	GlobalSection(SolutionProperties) = preSolution
		HideSolutionNode = FALSE
	EndGlobalSection
	GlobalSection(ExtensibilityGlobals) = postSolution
		SolutionGuid = {0395721E-8093-4821-ADDF-D912F3B2DA3C}
	EndGlobalSection
EndGlobal
